
Microsoft Visual Studio Solution File, Format Version 12.00
# Visual Studio Version 17
VisualStudioVersion = 17.14.36310.24 d17.14
MinimumVisualStudioVersion = 10.0.40219.1
Project("{FAE04EC0-301F-11D3-BF4B-00C04F79EFBC}") = "02", "02.csproj", "{011BEC72-F1B6-49DC-AA61-4A7DB24EB95E}"
EndProject
Global
	GlobalSection(SolutionConfigurationPlatforms) = preSolution
		Debug|Any CPU = Debug|Any CPU
		Release|Any CPU = Release|Any CPU
	EndGlobalSection
	GlobalSection(ProjectConfigurationPlatforms) = postSolution
		{011BEC72-F1B6-49DC-AA61-4A7DB24EB95E}.Debug|Any CPU.ActiveCfg = Debug|Any CPU
		{011BEC72-F1B6-49DC-AA61-4A7DB24EB95E}.Debug|Any CPU.Build.0 = Debug|Any CPU
		{011BEC72-F1B6-49DC-AA61-4A7DB24EB95E}.Release|Any CPU.ActiveCfg = Release|Any CPU
		{011BEC72-F1B6-49DC-AA61-4A7DB24EB95E}.Release|Any CPU.Build.0 = Release|Any CPU
	EndGlobalSection
	GlobalSection(SolutionProperties) = preSolution
		HideSolutionNode = FALSE
	EndGlobalSection
	GlobalSection(ExtensibilityGlobals) = postSolution
		SolutionGuid = {38050316-86AF-48DF-986C-4040754F3DC6}
	EndGlobalSection
EndGlobal
